{
  "name": "Default Project",
  "lockfileVersion": 3,
  "requires": true,
  "packages": {
    "": {
      "dependencies": {
        "openkilo": "^1.0.0"
      }
    },
    "node_modules/@opencode-ai/plugin": {
      "version": "1.0.85",
      "resolved": "https://registry.npmjs.org/@opencode-ai/plugin/-/plugin-1.0.85.tgz",
      "integrity": "sha512-4uU15occ/rZALIvDk3VwKdZwUZVAcNEcBZNJQKKMX+Lp+sQ/YvHKqawwz1ktOIS2UDsCKh+gyvV8fRCuUBEdKQ==",
      "dependencies": {
        "@opencode-ai/sdk": "1.0.85",
        "zod": "4.1.8"
      }
    },
    "node_modules/@opencode-ai/sdk": {
      "version": "1.0.85",
      "resolved": "https://registry.npmjs.org/@opencode-ai/sdk/-/sdk-1.0.85.tgz",
      "integrity": "sha512-7qVa7Psu7dFQBI1aMeQZXRho/6QMebHS2klNRaYO8b+n4jMUg20HEBIMFw5S1B2RF00+DFiTDxbbdByfirRNtg=="
    },
    "node_modules/openkilo": {
      "version": "1.0.0",
      "resolved": "https://registry.npmjs.org/openkilo/-/openkilo-1.0.0.tgz",
      "integrity": "sha512-OZuf0h7tS74vowGH3c359ft2c91jlDlhMyqHm4coKXPp66QYvQSR/5dJe7zNeNMZbdN07ADgsZ4oamvPBq0X5g==",
      "license": "MIT",
      "dependencies": {
        "@opencode-ai/plugin": "1.0.85"
      }
    },
    "node_modules/zod": {
      "version": "4.1.8",
      "resolved": "https://registry.npmjs.org/zod/-/zod-4.1.8.tgz",
      "integrity": "sha512-5R1P+WwQqmmMIEACyzSvo4JXHY5WiAFHRMg+zBZKgKS+Q1viRa0C1hmUKtHltoIFKtIdki3pRxkmpP74jnNYHQ==",
      "license": "MIT",
      "funding": {
        "url": "https://github.com/sponsors/colinhacks"
      }
    }
  }
}
